
Microsoft Visual Studio Solution File, Format Version 12.00
# Visual Studio Version 17
VisualStudioVersion = 17.8.34330.188
MinimumVisualStudioVersion = 10.0.40219.1
Project("{FAE04EC0-301F-11D3-BF4B-00C04F79EFBC}") = "MineCraft_Phising", "MineCraft_Phising\MineCraft_Phising.csproj", "{CFD338DB-F55E-406E-9DE9-258F5FB991F7}"
EndProject
Global
	GlobalSection(SolutionConfigurationPlatforms) = preSolution
		Debug|Any CPU = Debug|Any CPU
		Release|Any CPU = Release|Any CPU
	EndGlobalSection
	GlobalSection(ProjectConfigurationPlatforms) = postSolution
		{CFD338DB-F55E-406E-9DE9-258F5FB991F7}.Debug|Any CPU.ActiveCfg = Debug|Any CPU
		{CFD338DB-F55E-406E-9DE9-258F5FB991F7}.Debug|Any CPU.Build.0 = Debug|Any CPU
		{CFD338DB-F55E-406E-9DE9-258F5FB991F7}.Release|Any CPU.ActiveCfg = Release|Any CPU
		{CFD338DB-F55E-406E-9DE9-258F5FB991F7}.Release|Any CPU.Build.0 = Release|Any CPU
	EndGlobalSection
	GlobalSection(SolutionProperties) = preSolution
		HideSolutionNode = FALSE
	EndGlobalSection
	GlobalSection(ExtensibilityGlobals) = postSolution
		SolutionGuid = {50F4F4F0-9EE9-428F-A79D-F686AD34CB4A}
	EndGlobalSection
EndGlobal
